
Microsoft Visual Studio Solution File, Format Version 12.00
# Visual Studio Version 17
VisualStudioVersion = 17.2.32630.192
MinimumVisualStudioVersion = 10.0.40219.1
Project("{FAE04EC0-301F-11D3-BF4B-00C04F79EFBC}") = "prova", "prova\prova.csproj", "{7F3126C2-B139-4C7F-AE4A-C179ABEC0A70}"
EndProject
Global
	GlobalSection(SolutionConfigurationPlatforms) = preSolution
		Debug|Any CPU = Debug|Any CPU
		Release|Any CPU = Release|Any CPU
	EndGlobalSection
	GlobalSection(ProjectConfigurationPlatforms) = postSolution
		{7F3126C2-B139-4C7F-AE4A-C179ABEC0A70}.Debug|Any CPU.ActiveCfg = Debug|Any CPU
		{7F3126C2-B139-4C7F-AE4A-C179ABEC0A70}.Debug|Any CPU.Build.0 = Debug|Any CPU
		{7F3126C2-B139-4C7F-AE4A-C179ABEC0A70}.Release|Any CPU.ActiveCfg = Release|Any CPU
		{7F3126C2-B139-4C7F-AE4A-C179ABEC0A70}.Release|Any CPU.Build.0 = Release|Any CPU
	EndGlobalSection
	GlobalSection(SolutionProperties) = preSolution
		HideSolutionNode = FALSE
	EndGlobalSection
	GlobalSection(ExtensibilityGlobals) = postSolution
		SolutionGuid = {6D9B50AE-3495-4AC5-9A7A-787A7B65B900}
	EndGlobalSection
EndGlobal
